// !$*UTF8*$!
{
	archiveVersion = 1;
	classes = {
	};
	objectVersion = 46;
	objects = {

/* Begin PBXBuildFile section */
		A40614DE1912262B0034D83A /* TaskToDo.xcdatamodeld in Sources */ = {isa = PBXBuildFile; fileRef = A40614DC1912262B0034D83A /* TaskToDo.xcdatamodeld */; };
		A40614E41912284A0034D83A /* WLJTask.m in Sources */ = {isa = PBXBuildFile; fileRef = A40614E31912284A0034D83A /* WLJTask.m */; };
		A40CD49C191B38E400042B39 /* title.png in Resources */ = {isa = PBXBuildFile; fileRef = A40CD49B191B38E400042B39 /* title.png */; };
		A425872D191951B3009A8DB8 /* UINavigationController+chidViewCtrolForStatusBarStyle.m in Sources */ = {isa = PBXBuildFile; fileRef = A425872C191951B3009A8DB8 /* UINavigationController+chidViewCtrolForStatusBarStyle.m */; };
		A425873119197766009A8DB8 /* bg.png in Resources */ = {isa = PBXBuildFile; fileRef = A425873019197766009A8DB8 /* bg.png */; };
		A43ECB1F191CB79D00F216DE /* WLJTaskDetailViewController.m in Sources */ = {isa = PBXBuildFile; fileRef = A43ECB1E191CB79D00F216DE /* WLJTaskDetailViewController.m */; };
		A43ECB21191CD68E00F216DE /* done.png in Resources */ = {isa = PBXBuildFile; fileRef = A43ECB20191CD68E00F216DE /* done.png */; };
		A441F41818EA87540038BF25 /* DNSSwipeableCell.m in Sources */ = {isa = PBXBuildFile; fileRef = A441F41718EA87540038BF25 /* DNSSwipeableCell.m */; };
		A441F41E18EA87C00038BF25 /* WLJTaskCell.m in Sources */ = {isa = PBXBuildFile; fileRef = A441F41D18EA87C00038BF25 /* WLJTaskCell.m */; };
		A44517FF18E9E91A007417BE /* Foundation.framework in Frameworks */ = {isa = PBXBuildFile; fileRef = A44517FE18E9E91A007417BE /* Foundation.framework */; };
		A445180118E9E91A007417BE /* CoreGraphics.framework in Frameworks */ = {isa = PBXBuildFile; fileRef = A445180018E9E91A007417BE /* CoreGraphics.framework */; };
		A445180318E9E91A007417BE /* UIKit.framework in Frameworks */ = {isa = PBXBuildFile; fileRef = A445180218E9E91A007417BE /* UIKit.framework */; };
		A445180918E9E91A007417BE /* InfoPlist.strings in Resources */ = {isa = PBXBuildFile; fileRef = A445180718E9E91A007417BE /* InfoPlist.strings */; };
		A445180B18E9E91A007417BE /* main.m in Sources */ = {isa = PBXBuildFile; fileRef = A445180A18E9E91A007417BE /* main.m */; };
		A445180F18E9E91A007417BE /* WLJAppDelegate.m in Sources */ = {isa = PBXBuildFile; fileRef = A445180E18E9E91A007417BE /* WLJAppDelegate.m */; };
		A445181218E9E91A007417BE /* Main.storyboard in Resources */ = {isa = PBXBuildFile; fileRef = A445181018E9E91A007417BE /* Main.storyboard */; };
		A445181518E9E91A007417BE /* WLJMasterViewController.m in Sources */ = {isa = PBXBuildFile; fileRef = A445181418E9E91A007417BE /* WLJMasterViewController.m */; };
		A445181818E9E91A007417BE /* WLJDetailViewController.m in Sources */ = {isa = PBXBuildFile; fileRef = A445181718E9E91A007417BE /* WLJDetailViewController.m */; };
		A445181A18E9E91A007417BE /* Images.xcassets in Resources */ = {isa = PBXBuildFile; fileRef = A445181918E9E91A007417BE /* Images.xcassets */; };
		A445182118E9E91B007417BE /* XCTest.framework in Frameworks */ = {isa = PBXBuildFile; fileRef = A445182018E9E91B007417BE /* XCTest.framework */; };
		A445182218E9E91B007417BE /* Foundation.framework in Frameworks */ = {isa = PBXBuildFile; fileRef = A44517FE18E9E91A007417BE /* Foundation.framework */; };
		A445182318E9E91B007417BE /* UIKit.framework in Frameworks */ = {isa = PBXBuildFile; fileRef = A445180218E9E91A007417BE /* UIKit.framework */; };
		A445182B18E9E91B007417BE /* InfoPlist.strings in Resources */ = {isa = PBXBuildFile; fileRef = A445182918E9E91B007417BE /* InfoPlist.strings */; };
		A445182D18E9E91B007417BE /* TaskToDoTests.m in Sources */ = {isa = PBXBuildFile; fileRef = A445182C18E9E91B007417BE /* TaskToDoTests.m */; };
		A445183818E9EA22007417BE /* WLJHeaderView.m in Sources */ = {isa = PBXBuildFile; fileRef = A445183718E9EA22007417BE /* WLJHeaderView.m */; };
		A47B22941912304D007C0A16 /* WLJCoreDataDAO.m in Sources */ = {isa = PBXBuildFile; fileRef = A47B22931912304D007C0A16 /* WLJCoreDataDAO.m */; };
		A47B229A19123089007C0A16 /* WLJTaskDao.m in Sources */ = {isa = PBXBuildFile; fileRef = A47B229919123089007C0A16 /* WLJTaskDao.m */; };
		A47B22A3191231DE007C0A16 /* WLJTaskBL.m in Sources */ = {isa = PBXBuildFile; fileRef = A47B22A2191231DE007C0A16 /* WLJTaskBL.m */; };
		A47B22A519123DA4007C0A16 /* CoreData.framework in Frameworks */ = {isa = PBXBuildFile; fileRef = A47B22A419123DA4007C0A16 /* CoreData.framework */; };
		A48DA9801918ECBD00613622 /* important.png in Resources */ = {isa = PBXBuildFile; fileRef = A48DA97E1918ECBD00613622 /* important.png */; };
		A48DA9811918ECBD00613622 /* unimportant.png in Resources */ = {isa = PBXBuildFile; fileRef = A48DA97F1918ECBD00613622 /* unimportant.png */; };
		A48DA98719190F4D00613622 /* detail.png in Resources */ = {isa = PBXBuildFile; fileRef = A48DA98619190F4D00613622 /* detail.png */; };
		A48F381F191243E30099458E /* TaskManagedObject.m in Sources */ = {isa = PBXBuildFile; fileRef = A48F381E191243E30099458E /* TaskManagedObject.m */; };
		A4D314FA191A222500964B8A /* UIImage+ImageEffects.m in Sources */ = {isa = PBXBuildFile; fileRef = A4D314F5191A222500964B8A /* UIImage+ImageEffects.m */; };
		A4D314FB191A222500964B8A /* UIImageView+LBBlurredImage.m in Sources */ = {isa = PBXBuildFile; fileRef = A4D314F7191A222500964B8A /* UIImageView+LBBlurredImage.m */; };
		A4D314FC191A222500964B8A /* LICENSE in Resources */ = {isa = PBXBuildFile; fileRef = A4D314F8191A222500964B8A /* LICENSE */; };
		A4D314FD191A222500964B8A /* README.md in Resources */ = {isa = PBXBuildFile; fileRef = A4D314F9191A222500964B8A /* README.md */; };
		A4D3150D191A3BA900964B8A /* 2.png in Resources */ = {isa = PBXBuildFile; fileRef = A4D3150C191A3BA900964B8A /* 2.png */; };
		A4D3150F191A445A00964B8A /* setting.png in Resources */ = {isa = PBXBuildFile; fileRef = A4D3150E191A445A00964B8A /* setting.png */; };
		A4D31515191A5C7700964B8A /* adding.png in Resources */ = {isa = PBXBuildFile; fileRef = A4D31514191A5C7700964B8A /* adding.png */; };
/* End PBXBuildFile section */

/* Begin PBXContainerItemProxy section */
		A445182418E9E91B007417BE /* PBXContainerItemProxy */ = {
			isa = PBXContainerItemProxy;
			containerPortal = A44517F318E9E91A007417BE /* Project object */;
			proxyType = 1;
			remoteGlobalIDString = A44517FA18E9E91A007417BE;
			remoteInfo = TaskToDo;
		};
/* End PBXContainerItemProxy section */

/* Begin PBXFileReference section */
		A40614DD1912262B0034D83A /* TaskToDo.xcdatamodel */ = {isa = PBXFileReference; lastKnownFileType = wrapper.xcdatamodel; path = TaskToDo.xcdatamodel; sourceTree = "<group>"; };
		A40614E21912284A0034D83A /* WLJTask.h */ = {isa = PBXFileReference; fileEncoding = 4; lastKnownFileType = sourcecode.c.h; path = WLJTask.h; sourceTree = "<group>"; };
		A40614E31912284A0034D83A /* WLJTask.m */ = {isa = PBXFileReference; fileEncoding = 4; lastKnownFileType = sourcecode.c.objc; path = WLJTask.m; sourceTree = "<group>"; };
		A40CD49B191B38E400042B39 /* title.png */ = {isa = PBXFileReference; lastKnownFileType = image.png; path = title.png; sourceTree = "<group>"; };
		A425872B191951B3009A8DB8 /* UINavigationController+chidViewCtrolForStatusBarStyle.h */ = {isa = PBXFileReference; fileEncoding = 4; lastKnownFileType = sourcecode.c.h; path = "UINavigationController+chidViewCtrolForStatusBarStyle.h"; sourceTree = "<group>"; };
		A425872C191951B3009A8DB8 /* UINavigationController+chidViewCtrolForStatusBarStyle.m */ = {isa = PBXFileReference; fileEncoding = 4; lastKnownFileType = sourcecode.c.objc; path = "UINavigationController+chidViewCtrolForStatusBarStyle.m"; sourceTree = "<group>"; };
		A425873019197766009A8DB8 /* bg.png */ = {isa = PBXFileReference; lastKnownFileType = image.png; path = bg.png; sourceTree = "<group>"; };
		A43ECB1D191CB79D00F216DE /* WLJTaskDetailViewController.h */ = {isa = PBXFileReference; fileEncoding = 4; lastKnownFileType = sourcecode.c.h; path = WLJTaskDetailViewController.h; sourceTree = "<group>"; };
		A43ECB1E191CB79D00F216DE /* WLJTaskDetailViewController.m */ = {isa = PBXFileReference; fileEncoding = 4; lastKnownFileType = sourcecode.c.objc; path = WLJTaskDetailViewController.m; sourceTree = "<group>"; };
		A43ECB20191CD68E00F216DE /* done.png */ = {isa = PBXFileReference; lastKnownFileType = image.png; path = done.png; sourceTree = "<group>"; };
		A441F41618EA87540038BF25 /* DNSSwipeableCell.h */ = {isa = PBXFileReference; fileEncoding = 4; lastKnownFileType = sourcecode.c.h; path = DNSSwipeableCell.h; sourceTree = "<group>"; };
		A441F41718EA87540038BF25 /* DNSSwipeableCell.m */ = {isa = PBXFileReference; fileEncoding = 4; lastKnownFileType = sourcecode.c.objc; path = DNSSwipeableCell.m; sourceTree = "<group>"; };
		A441F41C18EA87C00038BF25 /* WLJTaskCell.h */ = {isa = PBXFileReference; fileEncoding = 4; lastKnownFileType = sourcecode.c.h; name = WLJTaskCell.h; path = ../WLJTaskCell.h; sourceTree = "<group>"; };
		A441F41D18EA87C00038BF25 /* WLJTaskCell.m */ = {isa = PBXFileReference; fileEncoding = 4; lastKnownFileType = sourcecode.c.objc; name = WLJTaskCell.m; path = ../WLJTaskCell.m; sourceTree = "<group>"; };
		A44517FB18E9E91A007417BE /* TaskToDo.app */ = {isa = PBXFileReference; explicitFileType = wrapper.application; includeInIndex = 0; path = TaskToDo.app; sourceTree = BUILT_PRODUCTS_DIR; };
		A44517FE18E9E91A007417BE /* Foundation.framework */ = {isa = PBXFileReference; lastKnownFileType = wrapper.framework; name = Foundation.framework; path = System/Library/Frameworks/Foundation.framework; sourceTree = SDKROOT; };
		A445180018E9E91A007417BE /* CoreGraphics.framework */ = {isa = PBXFileReference; lastKnownFileType = wrapper.framework; name = CoreGraphics.framework; path = System/Library/Frameworks/CoreGraphics.framework; sourceTree = SDKROOT; };
		A445180218E9E91A007417BE /* UIKit.framework */ = {isa = PBXFileReference; lastKnownFileType = wrapper.framework; name = UIKit.framework; path = System/Library/Frameworks/UIKit.framework; sourceTree = SDKROOT; };
		A445180618E9E91A007417BE /* TaskToDo-Info.plist */ = {isa = PBXFileReference; lastKnownFileType = text.plist.xml; path = "TaskToDo-Info.plist"; sourceTree = "<group>"; };
		A445180818E9E91A007417BE /* en */ = {isa = PBXFileReference; lastKnownFileType = text.plist.strings; name = en; path = en.lproj/InfoPlist.strings; sourceTree = "<group>"; };
		A445180A18E9E91A007417BE /* main.m */ = {isa = PBXFileReference; lastKnownFileType = sourcecode.c.objc; path = main.m; sourceTree = "<group>"; };
		A445180C18E9E91A007417BE /* TaskToDo-Prefix.pch */ = {isa = PBXFileReference; lastKnownFileType = sourcecode.c.h; path = "TaskToDo-Prefix.pch"; sourceTree = "<group>"; };
		A445180D18E9E91A007417BE /* WLJAppDelegate.h */ = {isa = PBXFileReference; lastKnownFileType = sourcecode.c.h; path = WLJAppDelegate.h; sourceTree = "<group>"; };
		A445180E18E9E91A007417BE /* WLJAppDelegate.m */ = {isa = PBXFileReference; lastKnownFileType = sourcecode.c.objc; path = WLJAppDelegate.m; sourceTree = "<group>"; };
		A445181118E9E91A007417BE /* Base */ = {isa = PBXFileReference; lastKnownFileType = file.storyboard; name = Base; path = Base.lproj/Main.storyboard; sourceTree = "<group>"; };
		A445181318E9E91A007417BE /* WLJMasterViewController.h */ = {isa = PBXFileReference; lastKnownFileType = sourcecode.c.h; path = WLJMasterViewController.h; sourceTree = "<group>"; };
		A445181418E9E91A007417BE /* WLJMasterViewController.m */ = {isa = PBXFileReference; lastKnownFileType = sourcecode.c.objc; path = WLJMasterViewController.m; sourceTree = "<group>"; };
		A445181618E9E91A007417BE /* WLJDetailViewController.h */ = {isa = PBXFileReference; lastKnownFileType = sourcecode.c.h; path = WLJDetailViewController.h; sourceTree = "<group>"; };
		A445181718E9E91A007417BE /* WLJDetailViewController.m */ = {isa = PBXFileReference; lastKnownFileType = sourcecode.c.objc; path = WLJDetailViewController.m; sourceTree = "<group>"; };
		A445181918E9E91A007417BE /* Images.xcassets */ = {isa = PBXFileReference; lastKnownFileType = folder.assetcatalog; path = Images.xcassets; sourceTree = "<group>"; };
		A445181F18E9E91B007417BE /* TaskToDoTests.xctest */ = {isa = PBXFileReference; explicitFileType = wrapper.cfbundle; includeInIndex = 0; path = TaskToDoTests.xctest; sourceTree = BUILT_PRODUCTS_DIR; };
		A445182018E9E91B007417BE /* XCTest.framework */ = {isa = PBXFileReference; lastKnownFileType = wrapper.framework; name = XCTest.framework; path = Library/Frameworks/XCTest.framework; sourceTree = DEVELOPER_DIR; };
		A445182818E9E91B007417BE /* TaskToDoTests-Info.plist */ = {isa = PBXFileReference; lastKnownFileType = text.plist.xml; path = "TaskToDoTests-Info.plist"; sourceTree = "<group>"; };
		A445182A18E9E91B007417BE /* en */ = {isa = PBXFileReference; lastKnownFileType = text.plist.strings; name = en; path = en.lproj/InfoPlist.strings; sourceTree = "<group>"; };
		A445182C18E9E91B007417BE /* TaskToDoTests.m */ = {isa = PBXFileReference; lastKnownFileType = sourcecode.c.objc; path = TaskToDoTests.m; sourceTree = "<group>"; };
		A445183618E9EA22007417BE /* WLJHeaderView.h */ = {isa = PBXFileReference; fileEncoding = 4; lastKnownFileType = sourcecode.c.h; path = WLJHeaderView.h; sourceTree = "<group>"; };
		A445183718E9EA22007417BE /* WLJHeaderView.m */ = {isa = PBXFileReference; fileEncoding = 4; lastKnownFileType = sourcecode.c.objc; path = WLJHeaderView.m; sourceTree = "<group>"; };
		A47B22921912304D007C0A16 /* WLJCoreDataDAO.h */ = {isa = PBXFileReference; fileEncoding = 4; lastKnownFileType = sourcecode.c.h; path = WLJCoreDataDAO.h; sourceTree = "<group>"; };
		A47B22931912304D007C0A16 /* WLJCoreDataDAO.m */ = {isa = PBXFileReference; fileEncoding = 4; lastKnownFileType = sourcecode.c.objc; path = WLJCoreDataDAO.m; sourceTree = "<group>"; };
		A47B229819123089007C0A16 /* WLJTaskDao.h */ = {isa = PBXFileReference; fileEncoding = 4; lastKnownFileType = sourcecode.c.h; path = WLJTaskDao.h; sourceTree = "<group>"; };
		A47B229919123089007C0A16 /* WLJTaskDao.m */ = {isa = PBXFileReference; fileEncoding = 4; lastKnownFileType = sourcecode.c.objc; path = WLJTaskDao.m; sourceTree = "<group>"; };
		A47B22A1191231DE007C0A16 /* WLJTaskBL.h */ = {isa = PBXFileReference; fileEncoding = 4; lastKnownFileType = sourcecode.c.h; path = WLJTaskBL.h; sourceTree = "<group>"; };
		A47B22A2191231DE007C0A16 /* WLJTaskBL.m */ = {isa = PBXFileReference; fileEncoding = 4; lastKnownFileType = sourcecode.c.objc; path = WLJTaskBL.m; sourceTree = "<group>"; };
		A47B22A419123DA4007C0A16 /* CoreData.framework */ = {isa = PBXFileReference; lastKnownFileType = wrapper.framework; name = CoreData.framework; path = System/Library/Frameworks/CoreData.framework; sourceTree = SDKROOT; };
		A48DA97E1918ECBD00613622 /* important.png */ = {isa = PBXFileReference; lastKnownFileType = image.png; path = important.png; sourceTree = "<group>"; };
		A48DA97F1918ECBD00613622 /* unimportant.png */ = {isa = PBXFileReference; lastKnownFileType = image.png; path = unimportant.png; sourceTree = "<group>"; };
		A48DA98619190F4D00613622 /* detail.png */ = {isa = PBXFileReference; lastKnownFileType = image.png; path = detail.png; sourceTree = "<group>"; };
		A48F381D191243E30099458E /* TaskManagedObject.h */ = {isa = PBXFileReference; fileEncoding = 4; lastKnownFileType = sourcecode.c.h; path = TaskManagedObject.h; sourceTree = "<group>"; };
		A48F381E191243E30099458E /* TaskManagedObject.m */ = {isa = PBXFileReference; fileEncoding = 4; lastKnownFileType = sourcecode.c.objc; path = TaskManagedObject.m; sourceTree = "<group>"; };
		A4D314F4191A222500964B8A /* UIImage+ImageEffects.h */ = {isa = PBXFileReference; fileEncoding = 4; lastKnownFileType = sourcecode.c.h; path = "UIImage+ImageEffects.h"; sourceTree = "<group>"; };
		A4D314F5191A222500964B8A /* UIImage+ImageEffects.m */ = {isa = PBXFileReference; fileEncoding = 4; lastKnownFileType = sourcecode.c.objc; path = "UIImage+ImageEffects.m"; sourceTree = "<group>"; };
		A4D314F6191A222500964B8A /* UIImageView+LBBlurredImage.h */ = {isa = PBXFileReference; fileEncoding = 4; lastKnownFileType = sourcecode.c.h; path = "UIImageView+LBBlurredImage.h"; sourceTree = "<group>"; };
		A4D314F7191A222500964B8A /* UIImageView+LBBlurredImage.m */ = {isa = PBXFileReference; fileEncoding = 4; lastKnownFileType = sourcecode.c.objc; path = "UIImageView+LBBlurredImage.m"; sourceTree = "<group>"; };
		A4D314F8191A222500964B8A /* LICENSE */ = {isa = PBXFileReference; fileEncoding = 4; lastKnownFileType = text; path = LICENSE; sourceTree = "<group>"; };
		A4D314F9191A222500964B8A /* README.md */ = {isa = PBXFileReference; fileEncoding = 4; lastKnownFileType = text; path = README.md; sourceTree = "<group>"; };
		A4D3150C191A3BA900964B8A /* 2.png */ = {isa = PBXFileReference; lastKnownFileType = image.png; path = 2.png; sourceTree = "<group>"; };
		A4D3150E191A445A00964B8A /* setting.png */ = {isa = PBXFileReference; lastKnownFileType = image.png; path = setting.png; sourceTree = "<group>"; };
		A4D31514191A5C7700964B8A /* adding.png */ = {isa = PBXFileReference; lastKnownFileType = image.png; path = adding.png; sourceTree = "<group>"; };
/* End PBXFileReference section */

/* Begin PBXFrameworksBuildPhase section */
		A44517F818E9E91A007417BE /* Frameworks */ = {
			isa = PBXFrameworksBuildPhase;
			buildActionMask = 2147483647;
			files = (
				A47B22A519123DA4007C0A16 /* CoreData.framework in Frameworks */,
				A445180118E9E91A007417BE /* CoreGraphics.framework in Frameworks */,
				A445180318E9E91A007417BE /* UIKit.framework in Frameworks */,
				A44517FF18E9E91A007417BE /* Foundation.framework in Frameworks */,
			);
			runOnlyForDeploymentPostprocessing = 0;
		};
		A445181C18E9E91B007417BE /* Frameworks */ = {
			isa = PBXFrameworksBuildPhase;
			buildActionMask = 2147483647;
			files = (
				A445182118E9E91B007417BE /* XCTest.framework in Frameworks */,
				A445182318E9E91B007417BE /* UIKit.framework in Frameworks */,
				A445182218E9E91B007417BE /* Foundation.framework in Frameworks */,
			);
			runOnlyForDeploymentPostprocessing = 0;
		};
/* End PBXFrameworksBuildPhase section */

/* Begin PBXGroup section */
		A44517F218E9E91A007417BE = {
			isa = PBXGroup;
			children = (
				A445180418E9E91A007417BE /* TaskToDo */,
				A445182618E9E91B007417BE /* TaskToDoTests */,
				A44517FD18E9E91A007417BE /* Frameworks */,
				A44517FC18E9E91A007417BE /* Products */,
			);
			sourceTree = "<group>";
		};
		A44517FC18E9E91A007417BE /* Products */ = {
			isa = PBXGroup;
			children = (
				A44517FB18E9E91A007417BE /* TaskToDo.app */,
				A445181F18E9E91B007417BE /* TaskToDoTests.xctest */,
			);
			name = Products;
			sourceTree = "<group>";
		};
		A44517FD18E9E91A007417BE /* Frameworks */ = {
			isa = PBXGroup;
			children = (
				A47B22A419123DA4007C0A16 /* CoreData.framework */,
				A44517FE18E9E91A007417BE /* Foundation.framework */,
				A445180018E9E91A007417BE /* CoreGraphics.framework */,
				A445180218E9E91A007417BE /* UIKit.framework */,
				A445182018E9E91B007417BE /* XCTest.framework */,
			);
			name = Frameworks;
			sourceTree = "<group>";
		};
		A445180418E9E91A007417BE /* TaskToDo */ = {
			isa = PBXGroup;
			children = (
				A4D314F2191A222500964B8A /* LBBlurredImage */,
				A47B22A019123152007C0A16 /* PresentationLayer */,
				A47B229C191230E7007C0A16 /* BusinessLogicLayer */,
				A47B229B191230AF007C0A16 /* PersistenceLayer */,
				A445181918E9E91A007417BE /* Images.xcassets */,
				A47382E118FD071900EE36BA /* image */,
				A47382DF18FCE79300EE36BA /* HeaderView */,
				A47382DE18FCE6EA00EE36BA /* DNSSwipeableCell */,
				A445180518E9E91A007417BE /* Supporting Files */,
			);
			path = TaskToDo;
			sourceTree = "<group>";
		};
		A445180518E9E91A007417BE /* Supporting Files */ = {
			isa = PBXGroup;
			children = (
				A40614DC1912262B0034D83A /* TaskToDo.xcdatamodeld */,
				A445180618E9E91A007417BE /* TaskToDo-Info.plist */,
				A445180718E9E91A007417BE /* InfoPlist.strings */,
				A445180A18E9E91A007417BE /* main.m */,
				A445180C18E9E91A007417BE /* TaskToDo-Prefix.pch */,
			);
			name = "Supporting Files";
			sourceTree = "<group>";
		};
		A445182618E9E91B007417BE /* TaskToDoTests */ = {
			isa = PBXGroup;
			children = (
				A445182C18E9E91B007417BE /* TaskToDoTests.m */,
				A445182718E9E91B007417BE /* Supporting Files */,
			);
			path = TaskToDoTests;
			sourceTree = "<group>";
		};
		A445182718E9E91B007417BE /* Supporting Files */ = {
			isa = PBXGroup;
			children = (
				A445182818E9E91B007417BE /* TaskToDoTests-Info.plist */,
				A445182918E9E91B007417BE /* InfoPlist.strings */,
			);
			name = "Supporting Files";
			sourceTree = "<group>";
		};
		A47382DE18FCE6EA00EE36BA /* DNSSwipeableCell */ = {
			isa = PBXGroup;
			children = (
				A441F41718EA87540038BF25 /* DNSSwipeableCell.m */,
				A441F41618EA87540038BF25 /* DNSSwipeableCell.h */,
			);
			name = DNSSwipeableCell;
			sourceTree = "<group>";
		};
		A47382DF18FCE79300EE36BA /* HeaderView */ = {
			isa = PBXGroup;
			children = (
				A445183618E9EA22007417BE /* WLJHeaderView.h */,
				A445183718E9EA22007417BE /* WLJHeaderView.m */,
			);
			name = HeaderView;
			sourceTree = "<group>";
		};
		A47382E118FD071900EE36BA /* image */ = {
			isa = PBXGroup;
			children = (
				A43ECB20191CD68E00F216DE /* done.png */,
				A40CD49B191B38E400042B39 /* title.png */,
				A4D31514191A5C7700964B8A /* adding.png */,
				A4D3150E191A445A00964B8A /* setting.png */,
				A4D3150C191A3BA900964B8A /* 2.png */,
				A425873019197766009A8DB8 /* bg.png */,
				A48DA98619190F4D00613622 /* detail.png */,
				A48DA97E1918ECBD00613622 /* important.png */,
				A48DA97F1918ECBD00613622 /* unimportant.png */,
			);
			name = image;
			sourceTree = "<group>";
		};
		A47B229B191230AF007C0A16 /* PersistenceLayer */ = {
			isa = PBXGroup;
			children = (
				A48F381D191243E30099458E /* TaskManagedObject.h */,
				A48F381E191243E30099458E /* TaskManagedObject.m */,
				A47B229819123089007C0A16 /* WLJTaskDao.h */,
				A47B229919123089007C0A16 /* WLJTaskDao.m */,
				A47B22921912304D007C0A16 /* WLJCoreDataDAO.h */,
				A47B22931912304D007C0A16 /* WLJCoreDataDAO.m */,
				A40614E21912284A0034D83A /* WLJTask.h */,
				A40614E31912284A0034D83A /* WLJTask.m */,
			);
			name = PersistenceLayer;
			sourceTree = "<group>";
		};
		A47B229C191230E7007C0A16 /* BusinessLogicLayer */ = {
			isa = PBXGroup;
			children = (
				A47B22A1191231DE007C0A16 /* WLJTaskBL.h */,
				A47B22A2191231DE007C0A16 /* WLJTaskBL.m */,
			);
			name = BusinessLogicLayer;
			sourceTree = "<group>";
		};
		A47B22A019123152007C0A16 /* PresentationLayer */ = {
			isa = PBXGroup;
			children = (
				A43ECB1D191CB79D00F216DE /* WLJTaskDetailViewController.h */,
				A43ECB1E191CB79D00F216DE /* WLJTaskDetailViewController.m */,
				A425872B191951B3009A8DB8 /* UINavigationController+chidViewCtrolForStatusBarStyle.h */,
				A425872C191951B3009A8DB8 /* UINavigationController+chidViewCtrolForStatusBarStyle.m */,
				A445180D18E9E91A007417BE /* WLJAppDelegate.h */,
				A445180E18E9E91A007417BE /* WLJAppDelegate.m */,
				A445181018E9E91A007417BE /* Main.storyboard */,
				A445181318E9E91A007417BE /* WLJMasterViewController.h */,
				A445181418E9E91A007417BE /* WLJMasterViewController.m */,
				A445181618E9E91A007417BE /* WLJDetailViewController.h */,
				A445181718E9E91A007417BE /* WLJDetailViewController.m */,
				A441F41C18EA87C00038BF25 /* WLJTaskCell.h */,
				A441F41D18EA87C00038BF25 /* WLJTaskCell.m */,
			);
			name = PresentationLayer;
			sourceTree = "<group>";
		};
		A4D314F2191A222500964B8A /* LBBlurredImage */ = {
			isa = PBXGroup;
			children = (
				A4D314F3191A222500964B8A /* LBBlurredImage */,
				A4D314F8191A222500964B8A /* LICENSE */,
				A4D314F9191A222500964B8A /* README.md */,
			);
			name = LBBlurredImage;
			path = ../LBBlurredImage;
			sourceTree = "<group>";
		};
		A4D314F3191A222500964B8A /* LBBlurredImage */ = {
			isa = PBXGroup;
			children = (
				A4D314F4191A222500964B8A /* UIImage+ImageEffects.h */,
				A4D314F5191A222500964B8A /* UIImage+ImageEffects.m */,
				A4D314F6191A222500964B8A /* UIImageView+LBBlurredImage.h */,
				A4D314F7191A222500964B8A /* UIImageView+LBBlurredImage.m */,
			);
			path = LBBlurredImage;
			sourceTree = "<group>";
		};
/* End PBXGroup section */

/* Begin PBXNativeTarget section */
		A44517FA18E9E91A007417BE /* TaskToDo */ = {
			isa = PBXNativeTarget;
			buildConfigurationList = A445183018E9E91B007417BE /* Build configuration list for PBXNativeTarget "TaskToDo" */;
			buildPhases = (
				A44517F718E9E91A007417BE /* Sources */,
				A44517F818E9E91A007417BE /* Frameworks */,
				A44517F918E9E91A007417BE /* Resources */,
			);
			buildRules = (
			);
			dependencies = (
			);
			name = TaskToDo;
			productName = TaskToDo;
			productReference = A44517FB18E9E91A007417BE /* TaskToDo.app */;
			productType = "com.apple.product-type.application";
		};
		A445181E18E9E91B007417BE /* TaskToDoTests */ = {
			isa = PBXNativeTarget;
			buildConfigurationList = A445183318E9E91B007417BE /* Build configuration list for PBXNativeTarget "TaskToDoTests" */;
			buildPhases = (
				A445181B18E9E91B007417BE /* Sources */,
				A445181C18E9E91B007417BE /* Frameworks */,
				A445181D18E9E91B007417BE /* Resources */,
			);
			buildRules = (
			);
			dependencies = (
				A445182518E9E91B007417BE /* PBXTargetDependency */,
			);
			name = TaskToDoTests;
			productName = TaskToDoTests;
			productReference = A445181F18E9E91B007417BE /* TaskToDoTests.xctest */;
			productType = "com.apple.product-type.bundle.unit-test";
		};
/* End PBXNativeTarget section */

/* Begin PBXProject section */
		A44517F318E9E91A007417BE /* Project object */ = {
			isa = PBXProject;
			attributes = {
				CLASSPREFIX = WLJ;
				LastUpgradeCheck = 0510;
				ORGANIZATIONNAME = Jasper;
				TargetAttributes = {
					A445181E18E9E91B007417BE = {
						TestTargetID = A44517FA18E9E91A007417BE;
					};
				};
			};
			buildConfigurationList = A44517F618E9E91A007417BE /* Build configuration list for PBXProject "TaskToDo" */;
			compatibilityVersion = "Xcode 3.2";
			developmentRegion = English;
			hasScannedForEncodings = 0;
			knownRegions = (
				en,
				Base,
			);
			mainGroup = A44517F218E9E91A007417BE;
			productRefGroup = A44517FC18E9E91A007417BE /* Products */;
			projectDirPath = "";
			projectRoot = "";
			targets = (
				A44517FA18E9E91A007417BE /* TaskToDo */,
				A445181E18E9E91B007417BE /* TaskToDoTests */,
			);
		};
/* End PBXProject section */

/* Begin PBXResourcesBuildPhase section */
		A44517F918E9E91A007417BE /* Resources */ = {
			isa = PBXResourcesBuildPhase;
			buildActionMask = 2147483647;
			files = (
				A4D3150D191A3BA900964B8A /* 2.png in Resources */,
				A445181A18E9E91A007417BE /* Images.xcassets in Resources */,
				A48DA98719190F4D00613622 /* detail.png in Resources */,
				A43ECB21191CD68E00F216DE /* done.png in Resources */,
				A4D314FC191A222500964B8A /* LICENSE in Resources */,
				A425873119197766009A8DB8 /* bg.png in Resources */,
				A4D3150F191A445A00964B8A /* setting.png in Resources */,
				A445180918E9E91A007417BE /* InfoPlist.strings in Resources */,
				A48DA9801918ECBD00613622 /* important.png in Resources */,
				A40CD49C191B38E400042B39 /* title.png in Resources */,
				A4D314FD191A222500964B8A /* README.md in Resources */,
				A48DA9811918ECBD00613622 /* unimportant.png in Resources */,
				A445181218E9E91A007417BE /* Main.storyboard in Resources */,
				A4D31515191A5C7700964B8A /* adding.png in Resources */,
			);
			runOnlyForDeploymentPostprocessing = 0;
		};
		A445181D18E9E91B007417BE /* Resources */ = {
			isa = PBXResourcesBuildPhase;
			buildActionMask = 2147483647;
			files = (
				A445182B18E9E91B007417BE /* InfoPlist.strings in Resources */,
			);
			runOnlyForDeploymentPostprocessing = 0;
		};
/* End PBXResourcesBuildPhase section */

/* Begin PBXSourcesBuildPhase section */
		A44517F718E9E91A007417BE /* Sources */ = {
			isa = PBXSourcesBuildPhase;
			buildActionMask = 2147483647;
			files = (
				A40614E41912284A0034D83A /* WLJTask.m in Sources */,
				A445181518E9E91A007417BE /* WLJMasterViewController.m in Sources */,
				A47B229A19123089007C0A16 /* WLJTaskDao.m in Sources */,
				A445180F18E9E91A007417BE /* WLJAppDelegate.m in Sources */,
				A47B22A3191231DE007C0A16 /* WLJTaskBL.m in Sources */,
				A445183818E9EA22007417BE /* WLJHeaderView.m in Sources */,
				A48F381F191243E30099458E /* TaskManagedObject.m in Sources */,
				A441F41E18EA87C00038BF25 /* WLJTaskCell.m in Sources */,
				A43ECB1F191CB79D00F216DE /* WLJTaskDetailViewController.m in Sources */,
				A445180B18E9E91A007417BE /* main.m in Sources */,
				A425872D191951B3009A8DB8 /* UINavigationController+chidViewCtrolForStatusBarStyle.m in Sources */,
				A40614DE1912262B0034D83A /* TaskToDo.xcdatamodeld in Sources */,
				A4D314FA191A222500964B8A /* UIImage+ImageEffects.m in Sources */,
				A441F41818EA87540038BF25 /* DNSSwipeableCell.m in Sources */,
				A445181818E9E91A007417BE /* WLJDetailViewController.m in Sources */,
				A47B22941912304D007C0A16 /* WLJCoreDataDAO.m in Sources */,
				A4D314FB191A222500964B8A /* UIImageView+LBBlurredImage.m in Sources */,
			);
			runOnlyForDeploymentPostprocessing = 0;
		};
		A445181B18E9E91B007417BE /* Sources */ = {
			isa = PBXSourcesBuildPhase;
			buildActionMask = 2147483647;
			files = (
				A445182D18E9E91B007417BE /* TaskToDoTests.m in Sources */,
			);
			runOnlyForDeploymentPostprocessing = 0;
		};
/* End PBXSourcesBuildPhase section */

/* Begin PBXTargetDependency section */
		A445182518E9E91B007417BE /* PBXTargetDependency */ = {
			isa = PBXTargetDependency;
			target = A44517FA18E9E91A007417BE /* TaskToDo */;
			targetProxy = A445182418E9E91B007417BE /* PBXContainerItemProxy */;
		};
/* End PBXTargetDependency section */

/* Begin PBXVariantGroup section */
		A445180718E9E91A007417BE /* InfoPlist.strings */ = {
			isa = PBXVariantGroup;
			children = (
				A445180818E9E91A007417BE /* en */,
			);
			name = InfoPlist.strings;
			sourceTree = "<group>";
		};
		A445181018E9E91A007417BE /* Main.storyboard */ = {
			isa = PBXVariantGroup;
			children = (
				A445181118E9E91A007417BE /* Base */,
			);
			name = Main.storyboard;
			sourceTree = "<group>";
		};
		A445182918E9E91B007417BE /* InfoPlist.strings */ = {
			isa = PBXVariantGroup;
			children = (
				A445182A18E9E91B007417BE /* en */,
			);
			name = InfoPlist.strings;
			sourceTree = "<group>";
		};
/* End PBXVariantGroup section */

/* Begin XCBuildConfiguration section */
		A445182E18E9E91B007417BE /* Debug */ = {
			isa = XCBuildConfiguration;
			buildSettings = {
				ALWAYS_SEARCH_USER_PATHS = NO;
				CLANG_CXX_LANGUAGE_STANDARD = "gnu++0x";
				CLANG_CXX_LIBRARY = "libc++";
				CLANG_ENABLE_MODULES = YES;
				CLANG_ENABLE_OBJC_ARC = YES;
				CLANG_WARN_BOOL_CONVERSION = YES;
				CLANG_WARN_CONSTANT_CONVERSION = YES;
				CLANG_WARN_DIRECT_OBJC_ISA_USAGE = YES_ERROR;
				CLANG_WARN_EMPTY_BODY = YES;
				CLANG_WARN_ENUM_CONVERSION = YES;
				CLANG_WARN_INT_CONVERSION = YES;
				CLANG_WARN_OBJC_ROOT_CLASS = YES_ERROR;
				CLANG_WARN__DUPLICATE_METHOD_MATCH = YES;
				"CODE_SIGN_IDENTITY[sdk=iphoneos*]" = "iPhone Developer";
				COPY_PHASE_STRIP = NO;
				GCC_C_LANGUAGE_STANDARD = gnu99;
				GCC_DYNAMIC_NO_PIC = NO;
				GCC_OPTIMIZATION_LEVEL = 0;
				GCC_PREPROCESSOR_DEFINITIONS = (
					"DEBUG=1",
					"$(inherited)",
				);
				GCC_SYMBOLS_PRIVATE_EXTERN = NO;
				GCC_WARN_64_TO_32_BIT_CONVERSION = YES;
				GCC_WARN_ABOUT_RETURN_TYPE = YES_ERROR;
				GCC_WARN_UNDECLARED_SELECTOR = YES;
				GCC_WARN_UNINITIALIZED_AUTOS = YES_AGGRESSIVE;
				GCC_WARN_UNUSED_FUNCTION = YES;
				GCC_WARN_UNUSED_VARIABLE = YES;
				IPHONEOS_DEPLOYMENT_TARGET = 7.1;
				ONLY_ACTIVE_ARCH = YES;
				SDKROOT = iphoneos;
			};
			name = Debug;
		};
		A445182F18E9E91B007417BE /* Release */ = {
			isa = XCBuildConfiguration;
			buildSettings = {
				ALWAYS_SEARCH_USER_PATHS = NO;
				CLANG_CXX_LANGUAGE_STANDARD = "gnu++0x";
				CLANG_CXX_LIBRARY = "libc++";
				CLANG_ENABLE_MODULES = YES;
				CLANG_ENABLE_OBJC_ARC = YES;
				CLANG_WARN_BOOL_CONVERSION = YES;
				CLANG_WARN_CONSTANT_CONVERSION = YES;
				CLANG_WARN_DIRECT_OBJC_ISA_USAGE = YES_ERROR;
				CLANG_WARN_EMPTY_BODY = YES;
				CLANG_WARN_ENUM_CONVERSION = YES;
				CLANG_WARN_INT_CONVERSION = YES;
				CLANG_WARN_OBJC_ROOT_CLASS = YES_ERROR;
				CLANG_WARN__DUPLICATE_METHOD_MATCH = YES;
				"CODE_SIGN_IDENTITY[sdk=iphoneos*]" = "iPhone Developer";
				COPY_PHASE_STRIP = YES;
				ENABLE_NS_ASSERTIONS = NO;
				GCC_C_LANGUAGE_STANDARD = gnu99;
				GCC_WARN_64_TO_32_BIT_CONVERSION = YES;
				GCC_WARN_ABOUT_RETURN_TYPE = YES_ERROR;
				GCC_WARN_UNDECLARED_SELECTOR = YES;
				GCC_WARN_UNINITIALIZED_AUTOS = YES_AGGRESSIVE;
				GCC_WARN_UNUSED_FUNCTION = YES;
				GCC_WARN_UNUSED_VARIABLE = YES;
				IPHONEOS_DEPLOYMENT_TARGET = 7.1;
				SDKROOT = iphoneos;
				VALIDATE_PRODUCT = YES;
			};
			name = Release;
		};
		A445183118E9E91B007417BE /* Debug */ = {
			isa = XCBuildConfiguration;
			buildSettings = {
				ASSETCATALOG_COMPILER_APPICON_NAME = AppIcon;
				ASSETCATALOG_COMPILER_LAUNCHIMAGE_NAME = LaunchImage;
				GCC_PRECOMPILE_PREFIX_HEADER = YES;
				GCC_PREFIX_HEADER = "TaskToDo/TaskToDo-Prefix.pch";
				INFOPLIST_FILE = "TaskToDo/TaskToDo-Info.plist";
				IPHONEOS_DEPLOYMENT_TARGET = 7.1;
				PRODUCT_NAME = "$(TARGET_NAME)";
				WRAPPER_EXTENSION = app;
			};
			name = Debug;
		};
		A445183218E9E91B007417BE /* Release */ = {
			isa = XCBuildConfiguration;
			buildSettings = {
				ASSETCATALOG_COMPILER_APPICON_NAME = AppIcon;
				ASSETCATALOG_COMPILER_LAUNCHIMAGE_NAME = LaunchImage;
				GCC_PRECOMPILE_PREFIX_HEADER = YES;
				GCC_PREFIX_HEADER = "TaskToDo/TaskToDo-Prefix.pch";
				INFOPLIST_FILE = "TaskToDo/TaskToDo-Info.plist";
				IPHONEOS_DEPLOYMENT_TARGET = 7.1;
				PRODUCT_NAME = "$(TARGET_NAME)";
				WRAPPER_EXTENSION = app;
			};
			name = Release;
		};
		A445183418E9E91B007417BE /* Debug */ = {
			isa = XCBuildConfiguration;
			buildSettings = {
				BUNDLE_LOADER = "$(BUILT_PRODUCTS_DIR)/TaskToDo.app/TaskToDo";
				FRAMEWORK_SEARCH_PATHS = (
					"$(SDKROOT)/Developer/Library/Frameworks",
					"$(inherited)",
					"$(DEVELOPER_FRAMEWORKS_DIR)",
				);
				GCC_PRECOMPILE_PREFIX_HEADER = YES;
				GCC_PREFIX_HEADER = "TaskToDo/TaskToDo-Prefix.pch";
				GCC_PREPROCESSOR_DEFINITIONS = (
					"DEBUG=1",
					"$(inherited)",
				);
				INFOPLIST_FILE = "TaskToDoTests/TaskToDoTests-Info.plist";
				PRODUCT_NAME = "$(TARGET_NAME)";
				TEST_HOST = "$(BUNDLE_LOADER)";
				WRAPPER_EXTENSION = xctest;
			};
			name = Debug;
		};
		A445183518E9E91B007417BE /* Release */ = {
			isa = XCBuildConfiguration;
			buildSettings = {
				BUNDLE_LOADER = "$(BUILT_PRODUCTS_DIR)/TaskToDo.app/TaskToDo";
				FRAMEWORK_SEARCH_PATHS = (
					"$(SDKROOT)/Developer/Library/Frameworks",
					"$(inherited)",
					"$(DEVELOPER_FRAMEWORKS_DIR)",
				);
				GCC_PRECOMPILE_PREFIX_HEADER = YES;
				GCC_PREFIX_HEADER = "TaskToDo/TaskToDo-Prefix.pch";
				INFOPLIST_FILE = "TaskToDoTests/TaskToDoTests-Info.plist";
				PRODUCT_NAME = "$(TARGET_NAME)";
				TEST_HOST = "$(BUNDLE_LOADER)";
				WRAPPER_EXTENSION = xctest;
			};
			name = Release;
		};
/* End XCBuildConfiguration section */

/* Begin XCConfigurationList section */
		A44517F618E9E91A007417BE /* Build configuration list for PBXProject "TaskToDo" */ = {
			isa = XCConfigurationList;
			buildConfigurations = (
				A445182E18E9E91B007417BE /* Debug */,
				A445182F18E9E91B007417BE /* Release */,
			);
			defaultConfigurationIsVisible = 0;
			defaultConfigurationName = Release;
		};
		A445183018E9E91B007417BE /* Build configuration list for PBXNativeTarget "TaskToDo" */ = {
			isa = XCConfigurationList;
			buildConfigurations = (
				A445183118E9E91B007417BE /* Debug */,
				A445183218E9E91B007417BE /* Release */,
			);
			defaultConfigurationIsVisible = 0;
			defaultConfigurationName = Release;
		};
		A445183318E9E91B007417BE /* Build configuration list for PBXNativeTarget "TaskToDoTests" */ = {
			isa = XCConfigurationList;
			buildConfigurations = (
				A445183418E9E91B007417BE /* Debug */,
				A445183518E9E91B007417BE /* Release */,
			);
			defaultConfigurationIsVisible = 0;
			defaultConfigurationName = Release;
		};
/* End XCConfigurationList section */

/* Begin XCVersionGroup section */
		A40614DC1912262B0034D83A /* TaskToDo.xcdatamodeld */ = {
			isa = XCVersionGroup;
			children = (
				A40614DD1912262B0034D83A /* TaskToDo.xcdatamodel */,
			);
			currentVersion = A40614DD1912262B0034D83A /* TaskToDo.xcdatamodel */;
			path = TaskToDo.xcdatamodeld;
			sourceTree = SOURCE_ROOT;
			versionGroupType = wrapper.xcdatamodel;
		};
/* End XCVersionGroup section */
	};
	rootObject = A44517F318E9E91A007417BE /* Project object */;
}
